// !$*UTF8*$!
{
	archiveVersion = 1;
	classes = {
	};
	objectVersion = 46;
	objects = {

/* Begin PBXBuildFile section */
		1C78D3A439C4450887FDACF6 /* libPods.a in Frameworks */ = {isa = PBXBuildFile; fileRef = 641FB731DC7744F3915B6B6F /* libPods.a */; };
		590C5B5F18882637009A1AE5 /* help_filled-32.png in Resources */ = {isa = PBXBuildFile; fileRef = 590C5B5E18882637009A1AE5 /* help_filled-32.png */; };
		592AFC941886D34E0079D6FC /* UpcomingMeetingsTableViewController.m in Sources */ = {isa = PBXBuildFile; fileRef = 592AFC931886D34E0079D6FC /* UpcomingMeetingsTableViewController.m */; };
		592F603E185EF74400BBFE38 /* 24.png in Resources */ = {isa = PBXBuildFile; fileRef = 592F603D185EF74400BBFE38 /* 24.png */; };
		592F6044185EFA4000BBFE38 /* AddContactsNewMeetingViewController.m in Sources */ = {isa = PBXBuildFile; fileRef = 592F6043185EFA4000BBFE38 /* AddContactsNewMeetingViewController.m */; };
		592F6047185EFE1E00BBFE38 /* ContactCell.m in Sources */ = {isa = PBXBuildFile; fileRef = 592F6046185EFE1E00BBFE38 /* ContactCell.m */; };
		5947969E187D62EB008E4E7B /* UserHolder.m in Sources */ = {isa = PBXBuildFile; fileRef = 5947969D187D62EB008E4E7B /* UserHolder.m */; };
		594796A2187D792A008E4E7B /* ProfileOverViewTableViewController.m in Sources */ = {isa = PBXBuildFile; fileRef = 594796A1187D792A008E4E7B /* ProfileOverViewTableViewController.m */; };
		594796A5187D7AD6008E4E7B /* NameCell.m in Sources */ = {isa = PBXBuildFile; fileRef = 594796A4187D7AD6008E4E7B /* NameCell.m */; };
		594796A9187D7DA9008E4E7B /* InfoCell.m in Sources */ = {isa = PBXBuildFile; fileRef = 594796A8187D7DA9008E4E7B /* InfoCell.m */; };
		594796AC187D7ED5008E4E7B /* LocationCell.m in Sources */ = {isa = PBXBuildFile; fileRef = 594796AB187D7ED5008E4E7B /* LocationCell.m */; };
		594796B2187D953A008E4E7B /* calendar-32.png in Resources */ = {isa = PBXBuildFile; fileRef = 594796B1187D953A008E4E7B /* calendar-32.png */; };
		594796B4187D9593008E4E7B /* user_male3-32.png in Resources */ = {isa = PBXBuildFile; fileRef = 594796B3187D9593008E4E7B /* user_male3-32.png */; };
		594796BC187D96A5008E4E7B /* micro-32.png in Resources */ = {isa = PBXBuildFile; fileRef = 594796BB187D96A5008E4E7B /* micro-32.png */; };
		594C1C6D188D2560000F26C1 /* UnconfirmedSummaryViewController.m in Sources */ = {isa = PBXBuildFile; fileRef = 594C1C6C188D2560000F26C1 /* UnconfirmedSummaryViewController.m */; };
		594C257E185C9DAB009C5390 /* TokenHolder.m in Sources */ = {isa = PBXBuildFile; fileRef = 594C257D185C9DAB009C5390 /* TokenHolder.m */; };
		594C2591185CE598009C5390 /* meetingCell.m in Sources */ = {isa = PBXBuildFile; fileRef = 594C2590185CE598009C5390 /* meetingCell.m */; };
		595F00A01858B70D00E408BC /* Foundation.framework in Frameworks */ = {isa = PBXBuildFile; fileRef = 595F009F1858B70D00E408BC /* Foundation.framework */; };
		595F00A21858B70D00E408BC /* CoreGraphics.framework in Frameworks */ = {isa = PBXBuildFile; fileRef = 595F00A11858B70D00E408BC /* CoreGraphics.framework */; };
		595F00A41858B70D00E408BC /* UIKit.framework in Frameworks */ = {isa = PBXBuildFile; fileRef = 595F00A31858B70D00E408BC /* UIKit.framework */; };
		595F00AA1858B70D00E408BC /* InfoPlist.strings in Resources */ = {isa = PBXBuildFile; fileRef = 595F00A81858B70D00E408BC /* InfoPlist.strings */; };
		595F00AC1858B70D00E408BC /* main.m in Sources */ = {isa = PBXBuildFile; fileRef = 595F00AB1858B70D00E408BC /* main.m */; };
		595F00B01858B70D00E408BC /* AppDelegate.m in Sources */ = {isa = PBXBuildFile; fileRef = 595F00AF1858B70D00E408BC /* AppDelegate.m */; };
		595F00B21858B70D00E408BC /* Images.xcassets in Resources */ = {isa = PBXBuildFile; fileRef = 595F00B11858B70D00E408BC /* Images.xcassets */; };
		595F00B91858B70D00E408BC /* XCTest.framework in Frameworks */ = {isa = PBXBuildFile; fileRef = 595F00B81858B70D00E408BC /* XCTest.framework */; };
		595F00BA1858B70D00E408BC /* Foundation.framework in Frameworks */ = {isa = PBXBuildFile; fileRef = 595F009F1858B70D00E408BC /* Foundation.framework */; };
		595F00BB1858B70D00E408BC /* UIKit.framework in Frameworks */ = {isa = PBXBuildFile; fileRef = 595F00A31858B70D00E408BC /* UIKit.framework */; };
		595F00C31858B70D00E408BC /* InfoPlist.strings in Resources */ = {isa = PBXBuildFile; fileRef = 595F00C11858B70D00E408BC /* InfoPlist.strings */; };
		595F00C51858B70D00E408BC /* CeMeOiOSTests.m in Sources */ = {isa = PBXBuildFile; fileRef = 595F00C41858B70D00E408BC /* CeMeOiOSTests.m */; };
		595F00D01858B89E00E408BC /* iPhoneStoryboard.storyboard in Resources */ = {isa = PBXBuildFile; fileRef = 595F00CF1858B89E00E408BC /* iPhoneStoryboard.storyboard */; };
		595F00D41858B90C00E408BC /* LoginViewController.m in Sources */ = {isa = PBXBuildFile; fileRef = 595F00D31858B90C00E408BC /* LoginViewController.m */; };
		595F00DB1859098000E408BC /* loginBackground.png in Resources */ = {isa = PBXBuildFile; fileRef = 595F00DA1859098000E408BC /* loginBackground.png */; };
		598AD055188AD1E70088F3E8 /* UnconfirmedTableViewController.m in Sources */ = {isa = PBXBuildFile; fileRef = 598AD054188AD1E70088F3E8 /* UnconfirmedTableViewController.m */; };
		59902ACC1861C9D60002F960 /* RequiredContactsNewMeetingViewController.m in Sources */ = {isa = PBXBuildFile; fileRef = 59902ACB1861C9D60002F960 /* RequiredContactsNewMeetingViewController.m */; };
		59902ACF1861DA5A0002F960 /* SelectTimeViewController.m in Sources */ = {isa = PBXBuildFile; fileRef = 59902ACE1861DA5A0002F960 /* SelectTimeViewController.m */; };
		59902AD61861EED40002F960 /* SummaryNewMeetingViewController.m in Sources */ = {isa = PBXBuildFile; fileRef = 59902AD51861EED40002F960 /* SummaryNewMeetingViewController.m */; };
		59902AD91861F0B30002F960 /* SummaryContactCell.m in Sources */ = {isa = PBXBuildFile; fileRef = 59902AD81861F0B30002F960 /* SummaryContactCell.m */; };
		59902ADB18622F120002F960 /* req.png in Resources */ = {isa = PBXBuildFile; fileRef = 59902ADA18622F120002F960 /* req.png */; };
		59A6851D187AA686003CC111 /* SelectDurationNewMeetingViewController.m in Sources */ = {isa = PBXBuildFile; fileRef = 59A6851C187AA686003CC111 /* SelectDurationNewMeetingViewController.m */; };
		59E5E6E61862F10C00084856 /* IPHolder.m in Sources */ = {isa = PBXBuildFile; fileRef = 59E5E6E51862F10C00084856 /* IPHolder.m */; };
		59E67305187ED87100ECF188 /* SelectLocationProfileTableViewController.m in Sources */ = {isa = PBXBuildFile; fileRef = 59E67304187ED87100ECF188 /* SelectLocationProfileTableViewController.m */; };
/* End PBXBuildFile section */

/* Begin PBXContainerItemProxy section */
		595F00BC1858B70D00E408BC /* PBXContainerItemProxy */ = {
			isa = PBXContainerItemProxy;
			containerPortal = 595F00941858B70D00E408BC /* Project object */;
			proxyType = 1;
			remoteGlobalIDString = 595F009B1858B70D00E408BC;
			remoteInfo = CeMeOiOS;
		};
/* End PBXContainerItemProxy section */

/* Begin PBXFileReference section */
		590C5B5E18882637009A1AE5 /* help_filled-32.png */ = {isa = PBXFileReference; lastKnownFileType = image.png; path = "help_filled-32.png"; sourceTree = "<group>"; };
		592AFC921886D34E0079D6FC /* UpcomingMeetingsTableViewController.h */ = {isa = PBXFileReference; fileEncoding = 4; lastKnownFileType = sourcecode.c.h; path = UpcomingMeetingsTableViewController.h; sourceTree = "<group>"; };
		592AFC931886D34E0079D6FC /* UpcomingMeetingsTableViewController.m */ = {isa = PBXFileReference; fileEncoding = 4; lastKnownFileType = sourcecode.c.objc; path = UpcomingMeetingsTableViewController.m; sourceTree = "<group>"; };
		592F603D185EF74400BBFE38 /* 24.png */ = {isa = PBXFileReference; lastKnownFileType = image.png; path = 24.png; sourceTree = "<group>"; };
		592F6042185EFA4000BBFE38 /* AddContactsNewMeetingViewController.h */ = {isa = PBXFileReference; fileEncoding = 4; lastKnownFileType = sourcecode.c.h; path = AddContactsNewMeetingViewController.h; sourceTree = "<group>"; };
		592F6043185EFA4000BBFE38 /* AddContactsNewMeetingViewController.m */ = {isa = PBXFileReference; fileEncoding = 4; lastKnownFileType = sourcecode.c.objc; path = AddContactsNewMeetingViewController.m; sourceTree = "<group>"; };
		592F6045185EFE1E00BBFE38 /* ContactCell.h */ = {isa = PBXFileReference; fileEncoding = 4; lastKnownFileType = sourcecode.c.h; path = ContactCell.h; sourceTree = "<group>"; };
		592F6046185EFE1E00BBFE38 /* ContactCell.m */ = {isa = PBXFileReference; fileEncoding = 4; lastKnownFileType = sourcecode.c.objc; path = ContactCell.m; sourceTree = "<group>"; };
		5947969C187D62EB008E4E7B /* UserHolder.h */ = {isa = PBXFileReference; fileEncoding = 4; lastKnownFileType = sourcecode.c.h; path = UserHolder.h; sourceTree = "<group>"; };
		5947969D187D62EB008E4E7B /* UserHolder.m */ = {isa = PBXFileReference; fileEncoding = 4; lastKnownFileType = sourcecode.c.objc; path = UserHolder.m; sourceTree = "<group>"; };
		594796A0187D792A008E4E7B /* ProfileOverViewTableViewController.h */ = {isa = PBXFileReference; fileEncoding = 4; lastKnownFileType = sourcecode.c.h; path = ProfileOverViewTableViewController.h; sourceTree = "<group>"; };
		594796A1187D792A008E4E7B /* ProfileOverViewTableViewController.m */ = {isa = PBXFileReference; fileEncoding = 4; lastKnownFileType = sourcecode.c.objc; path = ProfileOverViewTableViewController.m; sourceTree = "<group>"; };
		594796A3187D7AD6008E4E7B /* NameCell.h */ = {isa = PBXFileReference; fileEncoding = 4; lastKnownFileType = sourcecode.c.h; path = NameCell.h; sourceTree = "<group>"; };
		594796A4187D7AD6008E4E7B /* NameCell.m */ = {isa = PBXFileReference; fileEncoding = 4; lastKnownFileType = sourcecode.c.objc; path = NameCell.m; sourceTree = "<group>"; };
		594796A7187D7DA9008E4E7B /* InfoCell.h */ = {isa = PBXFileReference; fileEncoding = 4; lastKnownFileType = sourcecode.c.h; path = InfoCell.h; sourceTree = "<group>"; };
		594796A8187D7DA9008E4E7B /* InfoCell.m */ = {isa = PBXFileReference; fileEncoding = 4; lastKnownFileType = sourcecode.c.objc; path = InfoCell.m; sourceTree = "<group>"; };
		594796AA187D7ED5008E4E7B /* LocationCell.h */ = {isa = PBXFileReference; fileEncoding = 4; lastKnownFileType = sourcecode.c.h; path = LocationCell.h; sourceTree = "<group>"; };
		594796AB187D7ED5008E4E7B /* LocationCell.m */ = {isa = PBXFileReference; fileEncoding = 4; lastKnownFileType = sourcecode.c.objc; path = LocationCell.m; sourceTree = "<group>"; };
		594796B1187D953A008E4E7B /* calendar-32.png */ = {isa = PBXFileReference; lastKnownFileType = image.png; path = "calendar-32.png"; sourceTree = "<group>"; };
		594796B3187D9593008E4E7B /* user_male3-32.png */ = {isa = PBXFileReference; lastKnownFileType = image.png; path = "user_male3-32.png"; sourceTree = "<group>"; };
		594796BB187D96A5008E4E7B /* micro-32.png */ = {isa = PBXFileReference; lastKnownFileType = image.png; path = "micro-32.png"; sourceTree = "<group>"; };
		594C1C6B188D2560000F26C1 /* UnconfirmedSummaryViewController.h */ = {isa = PBXFileReference; fileEncoding = 4; lastKnownFileType = sourcecode.c.h; path = UnconfirmedSummaryViewController.h; sourceTree = "<group>"; };
		594C1C6C188D2560000F26C1 /* UnconfirmedSummaryViewController.m */ = {isa = PBXFileReference; fileEncoding = 4; lastKnownFileType = sourcecode.c.objc; path = UnconfirmedSummaryViewController.m; sourceTree = "<group>"; };
		594C257C185C9DAB009C5390 /* TokenHolder.h */ = {isa = PBXFileReference; fileEncoding = 4; lastKnownFileType = sourcecode.c.h; path = TokenHolder.h; sourceTree = "<group>"; };
		594C257D185C9DAB009C5390 /* TokenHolder.m */ = {isa = PBXFileReference; fileEncoding = 4; lastKnownFileType = sourcecode.c.objc; path = TokenHolder.m; sourceTree = "<group>"; };
		594C258F185CE598009C5390 /* meetingCell.h */ = {isa = PBXFileReference; fileEncoding = 4; lastKnownFileType = sourcecode.c.h; path = meetingCell.h; sourceTree = "<group>"; };
		594C2590185CE598009C5390 /* meetingCell.m */ = {isa = PBXFileReference; fileEncoding = 4; lastKnownFileType = sourcecode.c.objc; path = meetingCell.m; sourceTree = "<group>"; };
		595F009C1858B70D00E408BC /* CeMeO.app */ = {isa = PBXFileReference; explicitFileType = wrapper.application; includeInIndex = 0; path = CeMeO.app; sourceTree = BUILT_PRODUCTS_DIR; };
		595F009F1858B70D00E408BC /* Foundation.framework */ = {isa = PBXFileReference; lastKnownFileType = wrapper.framework; name = Foundation.framework; path = System/Library/Frameworks/Foundation.framework; sourceTree = SDKROOT; };
		595F00A11858B70D00E408BC /* CoreGraphics.framework */ = {isa = PBXFileReference; lastKnownFileType = wrapper.framework; name = CoreGraphics.framework; path = System/Library/Frameworks/CoreGraphics.framework; sourceTree = SDKROOT; };
		595F00A31858B70D00E408BC /* UIKit.framework */ = {isa = PBXFileReference; lastKnownFileType = wrapper.framework; name = UIKit.framework; path = System/Library/Frameworks/UIKit.framework; sourceTree = SDKROOT; };
		595F00A71858B70D00E408BC /* CeMeOiOS-Info.plist */ = {isa = PBXFileReference; lastKnownFileType = text.plist.xml; path = "CeMeOiOS-Info.plist"; sourceTree = "<group>"; };
		595F00A91858B70D00E408BC /* en */ = {isa = PBXFileReference; lastKnownFileType = text.plist.strings; name = en; path = en.lproj/InfoPlist.strings; sourceTree = "<group>"; };
		595F00AB1858B70D00E408BC /* main.m */ = {isa = PBXFileReference; lastKnownFileType = sourcecode.c.objc; path = main.m; sourceTree = "<group>"; };
		595F00AD1858B70D00E408BC /* CeMeOiOS-Prefix.pch */ = {isa = PBXFileReference; lastKnownFileType = sourcecode.c.h; path = "CeMeOiOS-Prefix.pch"; sourceTree = "<group>"; };
		595F00AE1858B70D00E408BC /* AppDelegate.h */ = {isa = PBXFileReference; lastKnownFileType = sourcecode.c.h; path = AppDelegate.h; sourceTree = "<group>"; };
		595F00AF1858B70D00E408BC /* AppDelegate.m */ = {isa = PBXFileReference; lastKnownFileType = sourcecode.c.objc; path = AppDelegate.m; sourceTree = "<group>"; };
		595F00B11858B70D00E408BC /* Images.xcassets */ = {isa = PBXFileReference; lastKnownFileType = folder.assetcatalog; path = Images.xcassets; sourceTree = "<group>"; };
		595F00B71858B70D00E408BC /* CeMeOiOSTests.xctest */ = {isa = PBXFileReference; explicitFileType = wrapper.cfbundle; includeInIndex = 0; path = CeMeOiOSTests.xctest; sourceTree = BUILT_PRODUCTS_DIR; };
		595F00B81858B70D00E408BC /* XCTest.framework */ = {isa = PBXFileReference; lastKnownFileType = wrapper.framework; name = XCTest.framework; path = Library/Frameworks/XCTest.framework; sourceTree = DEVELOPER_DIR; };
		595F00C01858B70D00E408BC /* CeMeOiOSTests-Info.plist */ = {isa = PBXFileReference; lastKnownFileType = text.plist.xml; path = "CeMeOiOSTests-Info.plist"; sourceTree = "<group>"; };
		595F00C21858B70D00E408BC /* en */ = {isa = PBXFileReference; lastKnownFileType = text.plist.strings; name = en; path = en.lproj/InfoPlist.strings; sourceTree = "<group>"; };
		595F00C41858B70D00E408BC /* CeMeOiOSTests.m */ = {isa = PBXFileReference; lastKnownFileType = sourcecode.c.objc; path = CeMeOiOSTests.m; sourceTree = "<group>"; };
		595F00CF1858B89E00E408BC /* iPhoneStoryboard.storyboard */ = {isa = PBXFileReference; fileEncoding = 4; lastKnownFileType = file.storyboard; path = iPhoneStoryboard.storyboard; sourceTree = "<group>"; };
		595F00D21858B90C00E408BC /* LoginViewController.h */ = {isa = PBXFileReference; fileEncoding = 4; lastKnownFileType = sourcecode.c.h; path = LoginViewController.h; sourceTree = "<group>"; };
		595F00D31858B90C00E408BC /* LoginViewController.m */ = {isa = PBXFileReference; fileEncoding = 4; lastKnownFileType = sourcecode.c.objc; path = LoginViewController.m; sourceTree = "<group>"; };
		595F00DA1859098000E408BC /* loginBackground.png */ = {isa = PBXFileReference; lastKnownFileType = image.png; path = loginBackground.png; sourceTree = "<group>"; };
		598AD053188AD1E70088F3E8 /* UnconfirmedTableViewController.h */ = {isa = PBXFileReference; fileEncoding = 4; lastKnownFileType = sourcecode.c.h; path = UnconfirmedTableViewController.h; sourceTree = "<group>"; };
		598AD054188AD1E70088F3E8 /* UnconfirmedTableViewController.m */ = {isa = PBXFileReference; fileEncoding = 4; lastKnownFileType = sourcecode.c.objc; path = UnconfirmedTableViewController.m; sourceTree = "<group>"; };
		59902ACA1861C9D60002F960 /* RequiredContactsNewMeetingViewController.h */ = {isa = PBXFileReference; fileEncoding = 4; lastKnownFileType = sourcecode.c.h; path = RequiredContactsNewMeetingViewController.h; sourceTree = "<group>"; };
		59902ACB1861C9D60002F960 /* RequiredContactsNewMeetingViewController.m */ = {isa = PBXFileReference; fileEncoding = 4; lastKnownFileType = sourcecode.c.objc; path = RequiredContactsNewMeetingViewController.m; sourceTree = "<group>"; };
		59902ACD1861DA5A0002F960 /* SelectTimeViewController.h */ = {isa = PBXFileReference; fileEncoding = 4; lastKnownFileType = sourcecode.c.h; path = SelectTimeViewController.h; sourceTree = "<group>"; };
		59902ACE1861DA5A0002F960 /* SelectTimeViewController.m */ = {isa = PBXFileReference; fileEncoding = 4; lastKnownFileType = sourcecode.c.objc; path = SelectTimeViewController.m; sourceTree = "<group>"; };
		59902AD41861EED40002F960 /* SummaryNewMeetingViewController.h */ = {isa = PBXFileReference; fileEncoding = 4; lastKnownFileType = sourcecode.c.h; path = SummaryNewMeetingViewController.h; sourceTree = "<group>"; };
		59902AD51861EED40002F960 /* SummaryNewMeetingViewController.m */ = {isa = PBXFileReference; fileEncoding = 4; lastKnownFileType = sourcecode.c.objc; path = SummaryNewMeetingViewController.m; sourceTree = "<group>"; };
		59902AD71861F0B30002F960 /* SummaryContactCell.h */ = {isa = PBXFileReference; fileEncoding = 4; lastKnownFileType = sourcecode.c.h; path = SummaryContactCell.h; sourceTree = "<group>"; };
		59902AD81861F0B30002F960 /* SummaryContactCell.m */ = {isa = PBXFileReference; fileEncoding = 4; lastKnownFileType = sourcecode.c.objc; path = SummaryContactCell.m; sourceTree = "<group>"; };
		59902ADA18622F120002F960 /* req.png */ = {isa = PBXFileReference; lastKnownFileType = image.png; path = req.png; sourceTree = "<group>"; };
		59A6851B187AA686003CC111 /* SelectDurationNewMeetingViewController.h */ = {isa = PBXFileReference; fileEncoding = 4; lastKnownFileType = sourcecode.c.h; path = SelectDurationNewMeetingViewController.h; sourceTree = "<group>"; };
		59A6851C187AA686003CC111 /* SelectDurationNewMeetingViewController.m */ = {isa = PBXFileReference; fileEncoding = 4; lastKnownFileType = sourcecode.c.objc; path = SelectDurationNewMeetingViewController.m; sourceTree = "<group>"; };
		59E5E6E41862F10C00084856 /* IPHolder.h */ = {isa = PBXFileReference; fileEncoding = 4; lastKnownFileType = sourcecode.c.h; path = IPHolder.h; sourceTree = "<group>"; };
		59E5E6E51862F10C00084856 /* IPHolder.m */ = {isa = PBXFileReference; fileEncoding = 4; lastKnownFileType = sourcecode.c.objc; path = IPHolder.m; sourceTree = "<group>"; };
		59E67303187ED87100ECF188 /* SelectLocationProfileTableViewController.h */ = {isa = PBXFileReference; fileEncoding = 4; lastKnownFileType = sourcecode.c.h; path = SelectLocationProfileTableViewController.h; sourceTree = "<group>"; };
		59E67304187ED87100ECF188 /* SelectLocationProfileTableViewController.m */ = {isa = PBXFileReference; fileEncoding = 4; lastKnownFileType = sourcecode.c.objc; path = SelectLocationProfileTableViewController.m; sourceTree = "<group>"; };
		641FB731DC7744F3915B6B6F /* libPods.a */ = {isa = PBXFileReference; explicitFileType = archive.ar; includeInIndex = 0; path = libPods.a; sourceTree = BUILT_PRODUCTS_DIR; };
		AF20E702D4774600A19FAE4E /* Pods.xcconfig */ = {isa = PBXFileReference; includeInIndex = 1; lastKnownFileType = text.xcconfig; name = Pods.xcconfig; path = Pods/Pods.xcconfig; sourceTree = "<group>"; };
/* End PBXFileReference section */

/* Begin PBXFrameworksBuildPhase section */
		595F00991858B70D00E408BC /* Frameworks */ = {
			isa = PBXFrameworksBuildPhase;
			buildActionMask = 2147483647;
			files = (
				595F00A21858B70D00E408BC /* CoreGraphics.framework in Frameworks */,
				595F00A41858B70D00E408BC /* UIKit.framework in Frameworks */,
				595F00A01858B70D00E408BC /* Foundation.framework in Frameworks */,
				1C78D3A439C4450887FDACF6 /* libPods.a in Frameworks */,
			);
			runOnlyForDeploymentPostprocessing = 0;
		};
		595F00B41858B70D00E408BC /* Frameworks */ = {
			isa = PBXFrameworksBuildPhase;
			buildActionMask = 2147483647;
			files = (
				595F00B91858B70D00E408BC /* XCTest.framework in Frameworks */,
				595F00BB1858B70D00E408BC /* UIKit.framework in Frameworks */,
				595F00BA1858B70D00E408BC /* Foundation.framework in Frameworks */,
			);
			runOnlyForDeploymentPostprocessing = 0;
		};
/* End PBXFrameworksBuildPhase section */

/* Begin PBXGroup section */
		592AFC951886D53F0079D6FC /* Upcoming */ = {
			isa = PBXGroup;
			children = (
				594C258F185CE598009C5390 /* meetingCell.h */,
				594C2590185CE598009C5390 /* meetingCell.m */,
			);
			name = Upcoming;
			sourceTree = "<group>";
		};
		5947969F187D78E3008E4E7B /* Profile */ = {
			isa = PBXGroup;
			children = (
				594796A0187D792A008E4E7B /* ProfileOverViewTableViewController.h */,
				594796A1187D792A008E4E7B /* ProfileOverViewTableViewController.m */,
				59E67303187ED87100ECF188 /* SelectLocationProfileTableViewController.h */,
				59E67304187ED87100ECF188 /* SelectLocationProfileTableViewController.m */,
			);
			name = Profile;
			sourceTree = "<group>";
		};
		594796A6187D7ADA008E4E7B /* Profile */ = {
			isa = PBXGroup;
			children = (
				594796A3187D7AD6008E4E7B /* NameCell.h */,
				594796A4187D7AD6008E4E7B /* NameCell.m */,
				594796A7187D7DA9008E4E7B /* InfoCell.h */,
				594796A8187D7DA9008E4E7B /* InfoCell.m */,
				594796AA187D7ED5008E4E7B /* LocationCell.h */,
				594796AB187D7ED5008E4E7B /* LocationCell.m */,
			);
			name = Profile;
			sourceTree = "<group>";
		};
		594C257B185C9D54009C5390 /* Holders */ = {
			isa = PBXGroup;
			children = (
				594C257C185C9DAB009C5390 /* TokenHolder.h */,
				594C257D185C9DAB009C5390 /* TokenHolder.m */,
				59E5E6E41862F10C00084856 /* IPHolder.h */,
				59E5E6E51862F10C00084856 /* IPHolder.m */,
				5947969C187D62EB008E4E7B /* UserHolder.h */,
				5947969D187D62EB008E4E7B /* UserHolder.m */,
			);
			name = Holders;
			sourceTree = "<group>";
		};
		594C258E185CE571009C5390 /* Cells */ = {
			isa = PBXGroup;
			children = (
				592AFC951886D53F0079D6FC /* Upcoming */,
				594796A6187D7ADA008E4E7B /* Profile */,
				59E5E6E21862F01500084856 /* NewMeeting */,
			);
			name = Cells;
			sourceTree = "<group>";
		};
		595F00931858B70C00E408BC = {
			isa = PBXGroup;
			children = (
				595F00A51858B70D00E408BC /* CeMeOiOS */,
				595F00BE1858B70D00E408BC /* CeMeOiOSTests */,
				595F009E1858B70D00E408BC /* Frameworks */,
				595F009D1858B70D00E408BC /* Products */,
				AF20E702D4774600A19FAE4E /* Pods.xcconfig */,
			);
			sourceTree = "<group>";
		};
		595F009D1858B70D00E408BC /* Products */ = {
			isa = PBXGroup;
			children = (
				595F009C1858B70D00E408BC /* CeMeO.app */,
				595F00B71858B70D00E408BC /* CeMeOiOSTests.xctest */,
			);
			name = Products;
			sourceTree = "<group>";
		};
		595F009E1858B70D00E408BC /* Frameworks */ = {
			isa = PBXGroup;
			children = (
				595F009F1858B70D00E408BC /* Foundation.framework */,
				595F00A11858B70D00E408BC /* CoreGraphics.framework */,
				595F00A31858B70D00E408BC /* UIKit.framework */,
				595F00B81858B70D00E408BC /* XCTest.framework */,
				641FB731DC7744F3915B6B6F /* libPods.a */,
			);
			name = Frameworks;
			sourceTree = "<group>";
		};
		595F00A51858B70D00E408BC /* CeMeOiOS */ = {
			isa = PBXGroup;
			children = (
				595F00D7185905EB00E408BC /* Images */,
				595F00CE1858B87000E408BC /* Classes */,
				595F00AE1858B70D00E408BC /* AppDelegate.h */,
				595F00AF1858B70D00E408BC /* AppDelegate.m */,
				595F00B11858B70D00E408BC /* Images.xcassets */,
				595F00A61858B70D00E408BC /* Supporting Files */,
				595F00CF1858B89E00E408BC /* iPhoneStoryboard.storyboard */,
			);
			path = CeMeOiOS;
			sourceTree = "<group>";
		};
		595F00A61858B70D00E408BC /* Supporting Files */ = {
			isa = PBXGroup;
			children = (
				595F00A71858B70D00E408BC /* CeMeOiOS-Info.plist */,
				595F00A81858B70D00E408BC /* InfoPlist.strings */,
				595F00AB1858B70D00E408BC /* main.m */,
				595F00AD1858B70D00E408BC /* CeMeOiOS-Prefix.pch */,
			);
			name = "Supporting Files";
			sourceTree = "<group>";
		};
		595F00BE1858B70D00E408BC /* CeMeOiOSTests */ = {
			isa = PBXGroup;
			children = (
				595F00C41858B70D00E408BC /* CeMeOiOSTests.m */,
				595F00BF1858B70D00E408BC /* Supporting Files */,
			);
			path = CeMeOiOSTests;
			sourceTree = "<group>";
		};
		595F00BF1858B70D00E408BC /* Supporting Files */ = {
			isa = PBXGroup;
			children = (
				595F00C01858B70D00E408BC /* CeMeOiOSTests-Info.plist */,
				595F00C11858B70D00E408BC /* InfoPlist.strings */,
			);
			name = "Supporting Files";
			sourceTree = "<group>";
		};
		595F00CE1858B87000E408BC /* Classes */ = {
			isa = PBXGroup;
			children = (
				594C258E185CE571009C5390 /* Cells */,
				594C257B185C9D54009C5390 /* Holders */,
				595F00D11858B8ED00E408BC /* Controllers */,
			);
			name = Classes;
			sourceTree = "<group>";
		};
		595F00D11858B8ED00E408BC /* Controllers */ = {
			isa = PBXGroup;
			children = (
				598AD052188AD0FB0088F3E8 /* Unconfirmed */,
				5947969F187D78E3008E4E7B /* Profile */,
				598E4F93187AE0080072074A /* Upcoming */,
				598E4F92187AE0010072074A /* Login */,
				59E5E6E11862F00400084856 /* NewMeeting */,
			);
			name = Controllers;
			sourceTree = "<group>";
		};
		595F00D7185905EB00E408BC /* Images */ = {
			isa = PBXGroup;
			children = (
				590C5B5E18882637009A1AE5 /* help_filled-32.png */,
				594796BB187D96A5008E4E7B /* micro-32.png */,
				594796B1187D953A008E4E7B /* calendar-32.png */,
				594796B3187D9593008E4E7B /* user_male3-32.png */,
				59902ADA18622F120002F960 /* req.png */,
				592F603D185EF74400BBFE38 /* 24.png */,
				595F00DA1859098000E408BC /* loginBackground.png */,
			);
			name = Images;
			sourceTree = "<group>";
		};
		598AD052188AD0FB0088F3E8 /* Unconfirmed */ = {
			isa = PBXGroup;
			children = (
				598AD053188AD1E70088F3E8 /* UnconfirmedTableViewController.h */,
				598AD054188AD1E70088F3E8 /* UnconfirmedTableViewController.m */,
				594C1C6B188D2560000F26C1 /* UnconfirmedSummaryViewController.h */,
				594C1C6C188D2560000F26C1 /* UnconfirmedSummaryViewController.m */,
			);
			name = Unconfirmed;
			sourceTree = "<group>";
		};
		598E4F92187AE0010072074A /* Login */ = {
			isa = PBXGroup;
			children = (
				595F00D21858B90C00E408BC /* LoginViewController.h */,
				595F00D31858B90C00E408BC /* LoginViewController.m */,
			);
			name = Login;
			sourceTree = "<group>";
		};
		598E4F93187AE0080072074A /* Upcoming */ = {
			isa = PBXGroup;
			children = (
				592AFC921886D34E0079D6FC /* UpcomingMeetingsTableViewController.h */,
				592AFC931886D34E0079D6FC /* UpcomingMeetingsTableViewController.m */,
			);
			name = Upcoming;
			sourceTree = "<group>";
		};
		59E5E6E11862F00400084856 /* NewMeeting */ = {
			isa = PBXGroup;
			children = (
				592F6042185EFA4000BBFE38 /* AddContactsNewMeetingViewController.h */,
				592F6043185EFA4000BBFE38 /* AddContactsNewMeetingViewController.m */,
				59902ACA1861C9D60002F960 /* RequiredContactsNewMeetingViewController.h */,
				59902ACB1861C9D60002F960 /* RequiredContactsNewMeetingViewController.m */,
				59902ACD1861DA5A0002F960 /* SelectTimeViewController.h */,
				59902ACE1861DA5A0002F960 /* SelectTimeViewController.m */,
				59902AD41861EED40002F960 /* SummaryNewMeetingViewController.h */,
				59902AD51861EED40002F960 /* SummaryNewMeetingViewController.m */,
				59A6851B187AA686003CC111 /* SelectDurationNewMeetingViewController.h */,
				59A6851C187AA686003CC111 /* SelectDurationNewMeetingViewController.m */,
			);
			name = NewMeeting;
			sourceTree = "<group>";
		};
		59E5E6E21862F01500084856 /* NewMeeting */ = {
			isa = PBXGroup;
			children = (
				592F6045185EFE1E00BBFE38 /* ContactCell.h */,
				592F6046185EFE1E00BBFE38 /* ContactCell.m */,
				59902AD71861F0B30002F960 /* SummaryContactCell.h */,
				59902AD81861F0B30002F960 /* SummaryContactCell.m */,
			);
			name = NewMeeting;
			sourceTree = "<group>";
		};
/* End PBXGroup section */

/* Begin PBXNativeTarget section */
		595F009B1858B70D00E408BC /* CeMeOiOS */ = {
			isa = PBXNativeTarget;
			buildConfigurationList = 595F00C81858B70D00E408BC /* Build configuration list for PBXNativeTarget "CeMeOiOS" */;
			buildPhases = (
				DB454018B8EF4233A67E850B /* Check Pods Manifest.lock */,
				595F00981858B70D00E408BC /* Sources */,
				595F00991858B70D00E408BC /* Frameworks */,
				595F009A1858B70D00E408BC /* Resources */,
				0F7240DF139C4DBC94CE3245 /* Copy Pods Resources */,
			);
			buildRules = (
			);
			dependencies = (
			);
			name = CeMeOiOS;
			productName = CeMeOiOS;
			productReference = 595F009C1858B70D00E408BC /* CeMeO.app */;
			productType = "com.apple.product-type.application";
		};
		595F00B61858B70D00E408BC /* CeMeOiOSTests */ = {
			isa = PBXNativeTarget;
			buildConfigurationList = 595F00CB1858B70D00E408BC /* Build configuration list for PBXNativeTarget "CeMeOiOSTests" */;
			buildPhases = (
				595F00B31858B70D00E408BC /* Sources */,
				595F00B41858B70D00E408BC /* Frameworks */,
				595F00B51858B70D00E408BC /* Resources */,
			);
			buildRules = (
			);
			dependencies = (
				595F00BD1858B70D00E408BC /* PBXTargetDependency */,
			);
			name = CeMeOiOSTests;
			productName = CeMeOiOSTests;
			productReference = 595F00B71858B70D00E408BC /* CeMeOiOSTests.xctest */;
			productType = "com.apple.product-type.bundle.unit-test";
		};
/* End PBXNativeTarget section */

/* Begin PBXProject section */
		595F00941858B70D00E408BC /* Project object */ = {
			isa = PBXProject;
			attributes = {
				LastUpgradeCheck = 0500;
				ORGANIZATIONNAME = Cegeka;
				TargetAttributes = {
					595F009B1858B70D00E408BC = {
						DevelopmentTeam = 853YP5392C;
					};
					595F00B61858B70D00E408BC = {
						TestTargetID = 595F009B1858B70D00E408BC;
					};
				};
			};
			buildConfigurationList = 595F00971858B70D00E408BC /* Build configuration list for PBXProject "CeMeOiOS" */;
			compatibilityVersion = "Xcode 3.2";
			developmentRegion = English;
			hasScannedForEncodings = 0;
			knownRegions = (
				en,
			);
			mainGroup = 595F00931858B70C00E408BC;
			productRefGroup = 595F009D1858B70D00E408BC /* Products */;
			projectDirPath = "";
			projectRoot = "";
			targets = (
				595F009B1858B70D00E408BC /* CeMeOiOS */,
				595F00B61858B70D00E408BC /* CeMeOiOSTests */,
			);
		};
/* End PBXProject section */

/* Begin PBXResourcesBuildPhase section */
		595F009A1858B70D00E408BC /* Resources */ = {
			isa = PBXResourcesBuildPhase;
			buildActionMask = 2147483647;
			files = (
				595F00AA1858B70D00E408BC /* InfoPlist.strings in Resources */,
				594796B4187D9593008E4E7B /* user_male3-32.png in Resources */,
				595F00B21858B70D00E408BC /* Images.xcassets in Resources */,
				595F00D01858B89E00E408BC /* iPhoneStoryboard.storyboard in Resources */,
				595F00DB1859098000E408BC /* loginBackground.png in Resources */,
				590C5B5F18882637009A1AE5 /* help_filled-32.png in Resources */,
				594796B2187D953A008E4E7B /* calendar-32.png in Resources */,
				594796BC187D96A5008E4E7B /* micro-32.png in Resources */,
				59902ADB18622F120002F960 /* req.png in Resources */,
				592F603E185EF74400BBFE38 /* 24.png in Resources */,
			);
			runOnlyForDeploymentPostprocessing = 0;
		};
		595F00B51858B70D00E408BC /* Resources */ = {
			isa = PBXResourcesBuildPhase;
			buildActionMask = 2147483647;
			files = (
				595F00C31858B70D00E408BC /* InfoPlist.strings in Resources */,
			);
			runOnlyForDeploymentPostprocessing = 0;
		};
/* End PBXResourcesBuildPhase section */

/* Begin PBXShellScriptBuildPhase section */
		0F7240DF139C4DBC94CE3245 /* Copy Pods Resources */ = {
			isa = PBXShellScriptBuildPhase;
			buildActionMask = 2147483647;
			files = (
			);
			inputPaths = (
			);
			name = "Copy Pods Resources";
			outputPaths = (
			);
			runOnlyForDeploymentPostprocessing = 0;
			shellPath = /bin/sh;
			shellScript = "\"${SRCROOT}/Pods/Pods-resources.sh\"\n";
			showEnvVarsInLog = 0;
		};
		DB454018B8EF4233A67E850B /* Check Pods Manifest.lock */ = {
			isa = PBXShellScriptBuildPhase;
			buildActionMask = 2147483647;
			files = (
			);
			inputPaths = (
			);
			name = "Check Pods Manifest.lock";
			outputPaths = (
			);
			runOnlyForDeploymentPostprocessing = 0;
			shellPath = /bin/sh;
			shellScript = "diff \"${PODS_ROOT}/../Podfile.lock\" \"${PODS_ROOT}/Manifest.lock\" > /dev/null\nif [[ $? != 0 ]] ; then\n    cat << EOM\nerror: The sandbox is not in sync with the Podfile.lock. Run 'pod install' or update your CocoaPods installation.\nEOM\n    exit 1\nfi\n";
			showEnvVarsInLog = 0;
		};
/* End PBXShellScriptBuildPhase section */

/* Begin PBXSourcesBuildPhase section */
		595F00981858B70D00E408BC /* Sources */ = {
			isa = PBXSourcesBuildPhase;
			buildActionMask = 2147483647;
			files = (
				595F00B01858B70D00E408BC /* AppDelegate.m in Sources */,
				595F00AC1858B70D00E408BC /* main.m in Sources */,
				598AD055188AD1E70088F3E8 /* UnconfirmedTableViewController.m in Sources */,
				594796AC187D7ED5008E4E7B /* LocationCell.m in Sources */,
				59902ACF1861DA5A0002F960 /* SelectTimeViewController.m in Sources */,
				595F00D41858B90C00E408BC /* LoginViewController.m in Sources */,
				5947969E187D62EB008E4E7B /* UserHolder.m in Sources */,
				59902AD61861EED40002F960 /* SummaryNewMeetingViewController.m in Sources */,
				594C2591185CE598009C5390 /* meetingCell.m in Sources */,
				594796A2187D792A008E4E7B /* ProfileOverViewTableViewController.m in Sources */,
				592F6047185EFE1E00BBFE38 /* ContactCell.m in Sources */,
				59E67305187ED87100ECF188 /* SelectLocationProfileTableViewController.m in Sources */,
				594C257E185C9DAB009C5390 /* TokenHolder.m in Sources */,
				594796A9187D7DA9008E4E7B /* InfoCell.m in Sources */,
				592F6044185EFA4000BBFE38 /* AddContactsNewMeetingViewController.m in Sources */,
				59902ACC1861C9D60002F960 /* RequiredContactsNewMeetingViewController.m in Sources */,
				594C1C6D188D2560000F26C1 /* UnconfirmedSummaryViewController.m in Sources */,
				59E5E6E61862F10C00084856 /* IPHolder.m in Sources */,
				59A6851D187AA686003CC111 /* SelectDurationNewMeetingViewController.m in Sources */,
				594796A5187D7AD6008E4E7B /* NameCell.m in Sources */,
				59902AD91861F0B30002F960 /* SummaryContactCell.m in Sources */,
				592AFC941886D34E0079D6FC /* UpcomingMeetingsTableViewController.m in Sources */,
			);
			runOnlyForDeploymentPostprocessing = 0;
		};
		595F00B31858B70D00E408BC /* Sources */ = {
			isa = PBXSourcesBuildPhase;
			buildActionMask = 2147483647;
			files = (
				595F00C51858B70D00E408BC /* CeMeOiOSTests.m in Sources */,
			);
			runOnlyForDeploymentPostprocessing = 0;
		};
/* End PBXSourcesBuildPhase section */

/* Begin PBXTargetDependency section */
		595F00BD1858B70D00E408BC /* PBXTargetDependency */ = {
			isa = PBXTargetDependency;
			target = 595F009B1858B70D00E408BC /* CeMeOiOS */;
			targetProxy = 595F00BC1858B70D00E408BC /* PBXContainerItemProxy */;
		};
/* End PBXTargetDependency section */

/* Begin PBXVariantGroup section */
		595F00A81858B70D00E408BC /* InfoPlist.strings */ = {
			isa = PBXVariantGroup;
			children = (
				595F00A91858B70D00E408BC /* en */,
			);
			name = InfoPlist.strings;
			sourceTree = "<group>";
		};
		595F00C11858B70D00E408BC /* InfoPlist.strings */ = {
			isa = PBXVariantGroup;
			children = (
				595F00C21858B70D00E408BC /* en */,
			);
			name = InfoPlist.strings;
			sourceTree = "<group>";
		};
/* End PBXVariantGroup section */

/* Begin XCBuildConfiguration section */
		595F00C61858B70D00E408BC /* Debug */ = {
			isa = XCBuildConfiguration;
			buildSettings = {
				ALWAYS_SEARCH_USER_PATHS = NO;
				ARCHS = "$(ARCHS_STANDARD_INCLUDING_64_BIT)";
				CLANG_CXX_LANGUAGE_STANDARD = "gnu++0x";
				CLANG_CXX_LIBRARY = "libc++";
				CLANG_ENABLE_MODULES = YES;
				CLANG_ENABLE_OBJC_ARC = YES;
				CLANG_WARN_BOOL_CONVERSION = YES;
				CLANG_WARN_CONSTANT_CONVERSION = YES;
				CLANG_WARN_DIRECT_OBJC_ISA_USAGE = YES_ERROR;
				CLANG_WARN_EMPTY_BODY = YES;
				CLANG_WARN_ENUM_CONVERSION = YES;
				CLANG_WARN_INT_CONVERSION = YES;
				CLANG_WARN_OBJC_ROOT_CLASS = YES_ERROR;
				CLANG_WARN__DUPLICATE_METHOD_MATCH = YES;
				"CODE_SIGN_IDENTITY[sdk=iphoneos*]" = "iPhone Developer";
				COPY_PHASE_STRIP = NO;
				GCC_C_LANGUAGE_STANDARD = gnu99;
				GCC_DYNAMIC_NO_PIC = NO;
				GCC_OPTIMIZATION_LEVEL = 0;
				GCC_PREPROCESSOR_DEFINITIONS = (
					"DEBUG=1",
					"$(inherited)",
				);
				GCC_SYMBOLS_PRIVATE_EXTERN = NO;
				GCC_WARN_64_TO_32_BIT_CONVERSION = YES;
				GCC_WARN_ABOUT_RETURN_TYPE = YES_ERROR;
				GCC_WARN_UNDECLARED_SELECTOR = YES;
				GCC_WARN_UNINITIALIZED_AUTOS = YES;
				GCC_WARN_UNUSED_FUNCTION = YES;
				GCC_WARN_UNUSED_VARIABLE = YES;
				IPHONEOS_DEPLOYMENT_TARGET = 7.0;
				ONLY_ACTIVE_ARCH = YES;
				SDKROOT = iphoneos;
				TARGETED_DEVICE_FAMILY = "1,2";
			};
			name = Debug;
		};
		595F00C71858B70D00E408BC /* Release */ = {
			isa = XCBuildConfiguration;
			buildSettings = {
				ALWAYS_SEARCH_USER_PATHS = NO;
				ARCHS = "$(ARCHS_STANDARD_INCLUDING_64_BIT)";
				CLANG_CXX_LANGUAGE_STANDARD = "gnu++0x";
				CLANG_CXX_LIBRARY = "libc++";
				CLANG_ENABLE_MODULES = YES;
				CLANG_ENABLE_OBJC_ARC = YES;
				CLANG_WARN_BOOL_CONVERSION = YES;
				CLANG_WARN_CONSTANT_CONVERSION = YES;
				CLANG_WARN_DIRECT_OBJC_ISA_USAGE = YES_ERROR;
				CLANG_WARN_EMPTY_BODY = YES;
				CLANG_WARN_ENUM_CONVERSION = YES;
				CLANG_WARN_INT_CONVERSION = YES;
				CLANG_WARN_OBJC_ROOT_CLASS = YES_ERROR;
				CLANG_WARN__DUPLICATE_METHOD_MATCH = YES;
				"CODE_SIGN_IDENTITY[sdk=iphoneos*]" = "iPhone Developer";
				COPY_PHASE_STRIP = YES;
				ENABLE_NS_ASSERTIONS = NO;
				GCC_C_LANGUAGE_STANDARD = gnu99;
				GCC_WARN_64_TO_32_BIT_CONVERSION = YES;
				GCC_WARN_ABOUT_RETURN_TYPE = YES_ERROR;
				GCC_WARN_UNDECLARED_SELECTOR = YES;
				GCC_WARN_UNINITIALIZED_AUTOS = YES;
				GCC_WARN_UNUSED_FUNCTION = YES;
				GCC_WARN_UNUSED_VARIABLE = YES;
				IPHONEOS_DEPLOYMENT_TARGET = 7.0;
				SDKROOT = iphoneos;
				TARGETED_DEVICE_FAMILY = "1,2";
				VALIDATE_PRODUCT = YES;
			};
			name = Release;
		};
		595F00C91858B70D00E408BC /* Debug */ = {
			isa = XCBuildConfiguration;
			baseConfigurationReference = AF20E702D4774600A19FAE4E /* Pods.xcconfig */;
			buildSettings = {
				ASSETCATALOG_COMPILER_APPICON_NAME = AppIcon;
				ASSETCATALOG_COMPILER_LAUNCHIMAGE_NAME = LaunchImage;
				GCC_PRECOMPILE_PREFIX_HEADER = YES;
				GCC_PREFIX_HEADER = "CeMeOiOS/CeMeOiOS-Prefix.pch";
				INFOPLIST_FILE = "CeMeOiOS/CeMeOiOS-Info.plist";
				IPHONEOS_DEPLOYMENT_TARGET = 7.0;
				PRODUCT_NAME = CeMeO;
				PROVISIONING_PROFILE = "";
				TARGETED_DEVICE_FAMILY = 1;
				WRAPPER_EXTENSION = app;
			};
			name = Debug;
		};
		595F00CA1858B70D00E408BC /* Release */ = {
			isa = XCBuildConfiguration;
			baseConfigurationReference = AF20E702D4774600A19FAE4E /* Pods.xcconfig */;
			buildSettings = {
				ASSETCATALOG_COMPILER_APPICON_NAME = AppIcon;
				ASSETCATALOG_COMPILER_LAUNCHIMAGE_NAME = LaunchImage;
				GCC_PRECOMPILE_PREFIX_HEADER = YES;
				GCC_PREFIX_HEADER = "CeMeOiOS/CeMeOiOS-Prefix.pch";
				INFOPLIST_FILE = "CeMeOiOS/CeMeOiOS-Info.plist";
				IPHONEOS_DEPLOYMENT_TARGET = 7.0;
				PRODUCT_NAME = CeMeO;
				PROVISIONING_PROFILE = "";
				TARGETED_DEVICE_FAMILY = 1;
				WRAPPER_EXTENSION = app;
			};
			name = Release;
		};
		595F00CC1858B70D00E408BC /* Debug */ = {
			isa = XCBuildConfiguration;
			buildSettings = {
				ARCHS = "$(ARCHS_STANDARD_INCLUDING_64_BIT)";
				BUNDLE_LOADER = "$(BUILT_PRODUCTS_DIR)/CeMeOiOS.app/CeMeOiOS";
				FRAMEWORK_SEARCH_PATHS = (
					"$(SDKROOT)/Developer/Library/Frameworks",
					"$(inherited)",
					"$(DEVELOPER_FRAMEWORKS_DIR)",
				);
				GCC_PRECOMPILE_PREFIX_HEADER = YES;
				GCC_PREFIX_HEADER = "CeMeOiOS/CeMeOiOS-Prefix.pch";
				GCC_PREPROCESSOR_DEFINITIONS = (
					"DEBUG=1",
					"$(inherited)",
				);
				INFOPLIST_FILE = "CeMeOiOSTests/CeMeOiOSTests-Info.plist";
				PRODUCT_NAME = "$(TARGET_NAME)";
				TEST_HOST = "$(BUNDLE_LOADER)";
				WRAPPER_EXTENSION = xctest;
			};
			name = Debug;
		};
		595F00CD1858B70D00E408BC /* Release */ = {
			isa = XCBuildConfiguration;
			buildSettings = {
				ARCHS = "$(ARCHS_STANDARD_INCLUDING_64_BIT)";
				BUNDLE_LOADER = "$(BUILT_PRODUCTS_DIR)/CeMeOiOS.app/CeMeOiOS";
				FRAMEWORK_SEARCH_PATHS = (
					"$(SDKROOT)/Developer/Library/Frameworks",
					"$(inherited)",
					"$(DEVELOPER_FRAMEWORKS_DIR)",
				);
				GCC_PRECOMPILE_PREFIX_HEADER = YES;
				GCC_PREFIX_HEADER = "CeMeOiOS/CeMeOiOS-Prefix.pch";
				INFOPLIST_FILE = "CeMeOiOSTests/CeMeOiOSTests-Info.plist";
				PRODUCT_NAME = "$(TARGET_NAME)";
				TEST_HOST = "$(BUNDLE_LOADER)";
				WRAPPER_EXTENSION = xctest;
			};
			name = Release;
		};
/* End XCBuildConfiguration section */

/* Begin XCConfigurationList section */
		595F00971858B70D00E408BC /* Build configuration list for PBXProject "CeMeOiOS" */ = {
			isa = XCConfigurationList;
			buildConfigurations = (
				595F00C61858B70D00E408BC /* Debug */,
				595F00C71858B70D00E408BC /* Release */,
			);
			defaultConfigurationIsVisible = 0;
			defaultConfigurationName = Release;
		};
		595F00C81858B70D00E408BC /* Build configuration list for PBXNativeTarget "CeMeOiOS" */ = {
			isa = XCConfigurationList;
			buildConfigurations = (
				595F00C91858B70D00E408BC /* Debug */,
				595F00CA1858B70D00E408BC /* Release */,
			);
			defaultConfigurationIsVisible = 0;
			defaultConfigurationName = Release;
		};
		595F00CB1858B70D00E408BC /* Build configuration list for PBXNativeTarget "CeMeOiOSTests" */ = {
			isa = XCConfigurationList;
			buildConfigurations = (
				595F00CC1858B70D00E408BC /* Debug */,
				595F00CD1858B70D00E408BC /* Release */,
			);
			defaultConfigurationIsVisible = 0;
			defaultConfigurationName = Release;
		};
/* End XCConfigurationList section */
	};
	rootObject = 595F00941858B70D00E408BC /* Project object */;
}
